
Microsoft Visual Studio Solution File, Format Version 12.00
# Visual Studio Version 17
VisualStudioVersion = 17.14.36327.8
MinimumVisualStudioVersion = 10.0.40219.1
Project("{FAE04EC0-301F-11D3-BF4B-00C04F79EFBC}") = "AICalendar.Api", "AICalendar.Api\AICalendar.Api.csproj", "{961348DF-A6DF-41AA-9C06-6CBF2996B71E}"
EndProject
Project("{FAE04EC0-301F-11D3-BF4B-00C04F79EFBC}") = "AICalendar.DomainModels", "AICalendar.DomainModels\AICalendar.DomainModels.csproj", "{41C6DB74-01A5-4286-826D-29C7C16B53CF}"
EndProject
Project("{FAE04EC0-301F-11D3-BF4B-00C04F79EFBC}") = "AICalendar.Repository", "AICalendar.Repository\AICalendar.Repository.csproj", "{9DFD2C04-2E9B-466E-B038-C396E3B00B29}"
EndProject
Project("{FAE04EC0-301F-11D3-BF4B-00C04F79EFBC}") = "AICalendar.Service", "AICalendar.Service\AICalendar.Service.csproj", "{70449132-DB65-4625-8A64-20A3CAB11533}"
EndProject
Project("{FAE04EC0-301F-11D3-BF4B-00C04F79EFBC}") = "AICalendar.AppHost", "AICalendar.AppHost\AICalendar.AppHost.csproj", "{14A12144-D63D-4A38-8D47-FDEC10F0673A}"
EndProject
Project("{FAE04EC0-301F-11D3-BF4B-00C04F79EFBC}") = "AICalendar.ServiceDefaults", "AICalendar.ServiceDefaults\AICalendar.ServiceDefaults.csproj", "{0000E06E-0E01-497C-92F1-3E590B042025}"
EndProject
Project("{FAE04EC0-301F-11D3-BF4B-00C04F79EFBC}") = "AICalendar.Client", "AICalendar.Client\AICalendar.Client.csproj", "{3A4A6015-E2FB-E623-E6C9-BCC10C6F77C8}"
EndProject
Project("{FAE04EC0-301F-11D3-BF4B-00C04F79EFBC}") = "AICalendar.MCP", "AICalendar.MCP\AICalendar.MCP.csproj", "{83FD1438-BBCC-4982-A170-302AB8831C55}"
EndProject
Project("{FAE04EC0-301F-11D3-BF4B-00C04F79EFBC}") = "AICalendar.Chat", "AICalendar.LLMApi\AICalendar.Chat.csproj", "{EC67D706-0F3D-1032-9C2E-EE860A9CA7CE}"
EndProject
Global
	GlobalSection(SolutionConfigurationPlatforms) = preSolution
		Debug|Any CPU = Debug|Any CPU
		Release|Any CPU = Release|Any CPU
	EndGlobalSection
	GlobalSection(ProjectConfigurationPlatforms) = postSolution
		{961348DF-A6DF-41AA-9C06-6CBF2996B71E}.Debug|Any CPU.ActiveCfg = Debug|Any CPU
		{961348DF-A6DF-41AA-9C06-6CBF2996B71E}.Debug|Any CPU.Build.0 = Debug|Any CPU
		{961348DF-A6DF-41AA-9C06-6CBF2996B71E}.Release|Any CPU.ActiveCfg = Release|Any CPU
		{961348DF-A6DF-41AA-9C06-6CBF2996B71E}.Release|Any CPU.Build.0 = Release|Any CPU
		{41C6DB74-01A5-4286-826D-29C7C16B53CF}.Debug|Any CPU.ActiveCfg = Debug|Any CPU
		{41C6DB74-01A5-4286-826D-29C7C16B53CF}.Debug|Any CPU.Build.0 = Debug|Any CPU
		{41C6DB74-01A5-4286-826D-29C7C16B53CF}.Release|Any CPU.ActiveCfg = Release|Any CPU
		{41C6DB74-01A5-4286-826D-29C7C16B53CF}.Release|Any CPU.Build.0 = Release|Any CPU
		{9DFD2C04-2E9B-466E-B038-C396E3B00B29}.Debug|Any CPU.ActiveCfg = Debug|Any CPU
		{9DFD2C04-2E9B-466E-B038-C396E3B00B29}.Debug|Any CPU.Build.0 = Debug|Any CPU
		{9DFD2C04-2E9B-466E-B038-C396E3B00B29}.Release|Any CPU.ActiveCfg = Release|Any CPU
		{9DFD2C04-2E9B-466E-B038-C396E3B00B29}.Release|Any CPU.Build.0 = Release|Any CPU
		{70449132-DB65-4625-8A64-20A3CAB11533}.Debug|Any CPU.ActiveCfg = Debug|Any CPU
		{70449132-DB65-4625-8A64-20A3CAB11533}.Debug|Any CPU.Build.0 = Debug|Any CPU
		{70449132-DB65-4625-8A64-20A3CAB11533}.Release|Any CPU.ActiveCfg = Release|Any CPU
		{70449132-DB65-4625-8A64-20A3CAB11533}.Release|Any CPU.Build.0 = Release|Any CPU
		{14A12144-D63D-4A38-8D47-FDEC10F0673A}.Debug|Any CPU.ActiveCfg = Debug|Any CPU
		{14A12144-D63D-4A38-8D47-FDEC10F0673A}.Debug|Any CPU.Build.0 = Debug|Any CPU
		{14A12144-D63D-4A38-8D47-FDEC10F0673A}.Release|Any CPU.ActiveCfg = Release|Any CPU
		{14A12144-D63D-4A38-8D47-FDEC10F0673A}.Release|Any CPU.Build.0 = Release|Any CPU
		{0000E06E-0E01-497C-92F1-3E590B042025}.Debug|Any CPU.ActiveCfg = Debug|Any CPU
		{0000E06E-0E01-497C-92F1-3E590B042025}.Debug|Any CPU.Build.0 = Debug|Any CPU
		{0000E06E-0E01-497C-92F1-3E590B042025}.Release|Any CPU.ActiveCfg = Release|Any CPU
		{0000E06E-0E01-497C-92F1-3E590B042025}.Release|Any CPU.Build.0 = Release|Any CPU
		{3A4A6015-E2FB-E623-E6C9-BCC10C6F77C8}.Debug|Any CPU.ActiveCfg = Debug|Any CPU
		{3A4A6015-E2FB-E623-E6C9-BCC10C6F77C8}.Debug|Any CPU.Build.0 = Debug|Any CPU
		{3A4A6015-E2FB-E623-E6C9-BCC10C6F77C8}.Release|Any CPU.ActiveCfg = Release|Any CPU
		{3A4A6015-E2FB-E623-E6C9-BCC10C6F77C8}.Release|Any CPU.Build.0 = Release|Any CPU
		{83FD1438-BBCC-4982-A170-302AB8831C55}.Debug|Any CPU.ActiveCfg = Debug|Any CPU
		{83FD1438-BBCC-4982-A170-302AB8831C55}.Debug|Any CPU.Build.0 = Debug|Any CPU
		{83FD1438-BBCC-4982-A170-302AB8831C55}.Release|Any CPU.ActiveCfg = Release|Any CPU
		{83FD1438-BBCC-4982-A170-302AB8831C55}.Release|Any CPU.Build.0 = Release|Any CPU
		{EC67D706-0F3D-1032-9C2E-EE860A9CA7CE}.Debug|Any CPU.ActiveCfg = Debug|Any CPU
		{EC67D706-0F3D-1032-9C2E-EE860A9CA7CE}.Debug|Any CPU.Build.0 = Debug|Any CPU
		{EC67D706-0F3D-1032-9C2E-EE860A9CA7CE}.Release|Any CPU.ActiveCfg = Release|Any CPU
		{EC67D706-0F3D-1032-9C2E-EE860A9CA7CE}.Release|Any CPU.Build.0 = Release|Any CPU
	EndGlobalSection
	GlobalSection(SolutionProperties) = preSolution
		HideSolutionNode = FALSE
	EndGlobalSection
	GlobalSection(ExtensibilityGlobals) = postSolution
		SolutionGuid = {DCB2A1B3-8C2A-4443-A8AC-71C7102FDABF}
	EndGlobalSection
EndGlobal
